// !$*UTF8*$!
{
	archiveVersion = 1;
	classes = {
	};
	objectVersion = 51;
	objects = {

/* Begin PBXBuildFile section */
		1F25723325E813FF00B1E26C /* AppDelegate.swift in Sources */ = {isa = PBXBuildFile; fileRef = 1F25723225E813FF00B1E26C /* AppDelegate.swift */; };
		1F25723525E813FF00B1E26C /* SceneDelegate.swift in Sources */ = {isa = PBXBuildFile; fileRef = 1F25723425E813FF00B1E26C /* SceneDelegate.swift */; };
		1F25723725E813FF00B1E26C /* AnimationViewController.swift in Sources */ = {isa = PBXBuildFile; fileRef = 1F25723625E813FF00B1E26C /* AnimationViewController.swift */; };
		1F25723A25E813FF00B1E26C /* Main.storyboard in Resources */ = {isa = PBXBuildFile; fileRef = 1F25723825E813FF00B1E26C /* Main.storyboard */; };
		1F25723C25E8140200B1E26C /* Assets.xcassets in Resources */ = {isa = PBXBuildFile; fileRef = 1F25723B25E8140200B1E26C /* Assets.xcassets */; };
		1F25723F25E8140200B1E26C /* LaunchScreen.storyboard in Resources */ = {isa = PBXBuildFile; fileRef = 1F25723D25E8140200B1E26C /* LaunchScreen.storyboard */; };
		1F50B8FE25EA9BC400BBB1FF /* Animation.swift in Sources */ = {isa = PBXBuildFile; fileRef = 1F50B8FD25EA9BC400BBB1FF /* Animation.swift */; };
		1F50B90125EA9C9F00BBB1FF /* DataManager.swift in Sources */ = {isa = PBXBuildFile; fileRef = 1F50B90025EA9C9F00BBB1FF /* DataManager.swift */; };
		E6FB5A2BD92E692AAE9AFF9F /* Pods_ViewWithAnimation.framework in Frameworks */ = {isa = PBXBuildFile; fileRef = A028CADADBC813958BFB97AD /* Pods_ViewWithAnimation.framework */; };
/* End PBXBuildFile section */

/* Begin PBXFileReference section */
		1F25722F25E813FF00B1E26C /* ViewWithAnimation.app */ = {isa = PBXFileReference; explicitFileType = wrapper.application; includeInIndex = 0; path = ViewWithAnimation.app; sourceTree = BUILT_PRODUCTS_DIR; };
		1F25723225E813FF00B1E26C /* AppDelegate.swift */ = {isa = PBXFileReference; lastKnownFileType = sourcecode.swift; path = AppDelegate.swift; sourceTree = "<group>"; };
		1F25723425E813FF00B1E26C /* SceneDelegate.swift */ = {isa = PBXFileReference; lastKnownFileType = sourcecode.swift; path = SceneDelegate.swift; sourceTree = "<group>"; };
		1F25723625E813FF00B1E26C /* AnimationViewController.swift */ = {isa = PBXFileReference; lastKnownFileType = sourcecode.swift; path = AnimationViewController.swift; sourceTree = "<group>"; };
		1F25723925E813FF00B1E26C /* Base */ = {isa = PBXFileReference; lastKnownFileType = file.storyboard; name = Base; path = Base.lproj/Main.storyboard; sourceTree = "<group>"; };
		1F25723B25E8140200B1E26C /* Assets.xcassets */ = {isa = PBXFileReference; lastKnownFileType = folder.assetcatalog; path = Assets.xcassets; sourceTree = "<group>"; };
		1F25723E25E8140200B1E26C /* Base */ = {isa = PBXFileReference; lastKnownFileType = file.storyboard; name = Base; path = Base.lproj/LaunchScreen.storyboard; sourceTree = "<group>"; };
		1F25724025E8140200B1E26C /* Info.plist */ = {isa = PBXFileReference; lastKnownFileType = text.plist.xml; path = Info.plist; sourceTree = "<group>"; };
		1F50B8FD25EA9BC400BBB1FF /* Animation.swift */ = {isa = PBXFileReference; lastKnownFileType = sourcecode.swift; path = Animation.swift; sourceTree = "<group>"; };
		1F50B90025EA9C9F00BBB1FF /* DataManager.swift */ = {isa = PBXFileReference; lastKnownFileType = sourcecode.swift; path = DataManager.swift; sourceTree = "<group>"; };
		919598D741262C2C2AB8D31F /* Pods-ViewWithAnimation.debug.xcconfig */ = {isa = PBXFileReference; includeInIndex = 1; lastKnownFileType = text.xcconfig; name = "Pods-ViewWithAnimation.debug.xcconfig"; path = "Target Support Files/Pods-ViewWithAnimation/Pods-ViewWithAnimation.debug.xcconfig"; sourceTree = "<group>"; };
		A028CADADBC813958BFB97AD /* Pods_ViewWithAnimation.framework */ = {isa = PBXFileReference; explicitFileType = wrapper.framework; includeInIndex = 0; path = Pods_ViewWithAnimation.framework; sourceTree = BUILT_PRODUCTS_DIR; };
		D23AA21C28FD039BCDFE5DC8 /* Pods-ViewWithAnimation.release.xcconfig */ = {isa = PBXFileReference; includeInIndex = 1; lastKnownFileType = text.xcconfig; name = "Pods-ViewWithAnimation.release.xcconfig"; path = "Target Support Files/Pods-ViewWithAnimation/Pods-ViewWithAnimation.release.xcconfig"; sourceTree = "<group>"; };
/* End PBXFileReference section */

/* Begin PBXFrameworksBuildPhase section */
		1F25722C25E813FF00B1E26C /* Frameworks */ = {
			isa = PBXFrameworksBuildPhase;
			buildActionMask = 2147483647;
			files = (
				E6FB5A2BD92E692AAE9AFF9F /* Pods_ViewWithAnimation.framework in Frameworks */,
			);
			runOnlyForDeploymentPostprocessing = 0;
		};
/* End PBXFrameworksBuildPhase section */

/* Begin PBXGroup section */
		1F25722625E813FF00B1E26C = {
			isa = PBXGroup;
			children = (
				1F25723125E813FF00B1E26C /* ViewWithAnimation */,
				1F25723025E813FF00B1E26C /* Products */,
				DFF7D194109EC019AAA0C31C /* Pods */,
				C314C642B6FD1293BFA5D676 /* Frameworks */,
			);
			sourceTree = "<group>";
		};
		1F25723025E813FF00B1E26C /* Products */ = {
			isa = PBXGroup;
			children = (
				1F25722F25E813FF00B1E26C /* ViewWithAnimation.app */,
			);
			name = Products;
			sourceTree = "<group>";
		};
		1F25723125E813FF00B1E26C /* ViewWithAnimation */ = {
			isa = PBXGroup;
			children = (
				1F50B90425EACB0300BBB1FF /* ViewControllers */,
				1F50B90525EACB1C00BBB1FF /* Models */,
				1F50B90725EACB2E00BBB1FF /* Storyboards */,
				1F50B90825EACB5E00BBB1FF /* Resources */,
				1F50B90A25EACB7B00BBB1FF /* SupportingFiles */,
			);
			path = ViewWithAnimation;
			sourceTree = "<group>";
		};
		1F50B90425EACB0300BBB1FF /* ViewControllers */ = {
			isa = PBXGroup;
			children = (
				1F25723625E813FF00B1E26C /* AnimationViewController.swift */,
			);
			path = ViewControllers;
			sourceTree = "<group>";
		};
		1F50B90525EACB1C00BBB1FF /* Models */ = {
			isa = PBXGroup;
			children = (
				1F50B8FD25EA9BC400BBB1FF /* Animation.swift */,
			);
			path = Models;
			sourceTree = "<group>";
		};
		1F50B90725EACB2E00BBB1FF /* Storyboards */ = {
			isa = PBXGroup;
			children = (
				1F25723825E813FF00B1E26C /* Main.storyboard */,
				1F25723D25E8140200B1E26C /* LaunchScreen.storyboard */,
			);
			path = Storyboards;
			sourceTree = "<group>";
		};
		1F50B90825EACB5E00BBB1FF /* Resources */ = {
			isa = PBXGroup;
			children = (
				1F50B90025EA9C9F00BBB1FF /* DataManager.swift */,
				1F25723B25E8140200B1E26C /* Assets.xcassets */,
			);
			path = Resources;
			sourceTree = "<group>";
		};
		1F50B90A25EACB7B00BBB1FF /* SupportingFiles */ = {
			isa = PBXGroup;
			children = (
				1F25723225E813FF00B1E26C /* AppDelegate.swift */,
				1F25723425E813FF00B1E26C /* SceneDelegate.swift */,
				1F25724025E8140200B1E26C /* Info.plist */,
			);
			path = SupportingFiles;
			sourceTree = "<group>";
		};
		C314C642B6FD1293BFA5D676 /* Frameworks */ = {
			isa = PBXGroup;
			children = (
				A028CADADBC813958BFB97AD /* Pods_ViewWithAnimation.framework */,
			);
			name = Frameworks;
			sourceTree = "<group>";
		};
		DFF7D194109EC019AAA0C31C /* Pods */ = {
			isa = PBXGroup;
			children = (
				919598D741262C2C2AB8D31F /* Pods-ViewWithAnimation.debug.xcconfig */,
				D23AA21C28FD039BCDFE5DC8 /* Pods-ViewWithAnimation.release.xcconfig */,
			);
			path = Pods;
			sourceTree = "<group>";
		};
/* End PBXGroup section */

/* Begin PBXNativeTarget section */
		1F25722E25E813FF00B1E26C /* ViewWithAnimation */ = {
			isa = PBXNativeTarget;
			buildConfigurationList = 1F25724325E8140200B1E26C /* Build configuration list for PBXNativeTarget "ViewWithAnimation" */;
			buildPhases = (
				EC242309F5674E919268A876 /* [CP] Check Pods Manifest.lock */,
				1F25722B25E813FF00B1E26C /* Sources */,
				1F25722C25E813FF00B1E26C /* Frameworks */,
				1F25722D25E813FF00B1E26C /* Resources */,
				9F2100F3720AC39480E7DEAE /* [CP] Embed Pods Frameworks */,
			);
			buildRules = (
			);
			dependencies = (
			);
			name = ViewWithAnimation;
			productName = ViewWithAnimation;
			productReference = 1F25722F25E813FF00B1E26C /* ViewWithAnimation.app */;
			productType = "com.apple.product-type.application";
		};
/* End PBXNativeTarget section */

/* Begin PBXProject section */
		1F25722725E813FF00B1E26C /* Project object */ = {
			isa = PBXProject;
			attributes = {
				LastSwiftUpdateCheck = 1240;
				LastUpgradeCheck = 1240;
				TargetAttributes = {
					1F25722E25E813FF00B1E26C = {
						CreatedOnToolsVersion = 12.4;
					};
				};
			};
			buildConfigurationList = 1F25722A25E813FF00B1E26C /* Build configuration list for PBXProject "ViewWithAnimation" */;
			compatibilityVersion = "Xcode 9.3";
			developmentRegion = en;
			hasScannedForEncodings = 0;
			knownRegions = (
				en,
				Base,
			);
			mainGroup = 1F25722625E813FF00B1E26C;
			productRefGroup = 1F25723025E813FF00B1E26C /* Products */;
			projectDirPath = "";
			projectRoot = "";
			targets = (
				1F25722E25E813FF00B1E26C /* ViewWithAnimation */,
			);
		};
/* End PBXProject section */

/* Begin PBXResourcesBuildPhase section */
		1F25722D25E813FF00B1E26C /* Resources */ = {
			isa = PBXResourcesBuildPhase;
			buildActionMask = 2147483647;
			files = (
				1F25723F25E8140200B1E26C /* LaunchScreen.storyboard in Resources */,
				1F25723C25E8140200B1E26C /* Assets.xcassets in Resources */,
				1F25723A25E813FF00B1E26C /* Main.storyboard in Resources */,
			);
			runOnlyForDeploymentPostprocessing = 0;
		};
/* End PBXResourcesBuildPhase section */

/* Begin PBXShellScriptBuildPhase section */
		9F2100F3720AC39480E7DEAE /* [CP] Embed Pods Frameworks */ = {
			isa = PBXShellScriptBuildPhase;
			buildActionMask = 2147483647;
			files = (
			);
			inputFileListPaths = (
				"${PODS_ROOT}/Target Support Files/Pods-ViewWithAnimation/Pods-ViewWithAnimation-frameworks-${CONFIGURATION}-input-files.xcfilelist",
			);
			name = "[CP] Embed Pods Frameworks";
			outputFileListPaths = (
				"${PODS_ROOT}/Target Support Files/Pods-ViewWithAnimation/Pods-ViewWithAnimation-frameworks-${CONFIGURATION}-output-files.xcfilelist",
			);
			runOnlyForDeploymentPostprocessing = 0;
			shellPath = /bin/sh;
			shellScript = "\"${PODS_ROOT}/Target Support Files/Pods-ViewWithAnimation/Pods-ViewWithAnimation-frameworks.sh\"\n";
			showEnvVarsInLog = 0;
		};
		EC242309F5674E919268A876 /* [CP] Check Pods Manifest.lock */ = {
			isa = PBXShellScriptBuildPhase;
			buildActionMask = 2147483647;
			files = (
			);
			inputFileListPaths = (
			);
			inputPaths = (
				"${PODS_PODFILE_DIR_PATH}/Podfile.lock",
				"${PODS_ROOT}/Manifest.lock",
			);
			name = "[CP] Check Pods Manifest.lock";
			outputFileListPaths = (
			);
			outputPaths = (
				"$(DERIVED_FILE_DIR)/Pods-ViewWithAnimation-checkManifestLockResult.txt",
			);
			runOnlyForDeploymentPostprocessing = 0;
			shellPath = /bin/sh;
			shellScript = "diff \"${PODS_PODFILE_DIR_PATH}/Podfile.lock\" \"${PODS_ROOT}/Manifest.lock\" > /dev/null\nif [ $? != 0 ] ; then\n    # print error to STDERR\n    echo \"error: The sandbox is not in sync with the Podfile.lock. Run 'pod install' or update your CocoaPods installation.\" >&2\n    exit 1\nfi\n# This output is used by Xcode 'outputs' to avoid re-running this script phase.\necho \"SUCCESS\" > \"${SCRIPT_OUTPUT_FILE_0}\"\n";
			showEnvVarsInLog = 0;
		};
/* End PBXShellScriptBuildPhase section */

/* Begin PBXSourcesBuildPhase section */
		1F25722B25E813FF00B1E26C /* Sources */ = {
			isa = PBXSourcesBuildPhase;
			buildActionMask = 2147483647;
			files = (
				1F25723725E813FF00B1E26C /* AnimationViewController.swift in Sources */,
				1F50B90125EA9C9F00BBB1FF /* DataManager.swift in Sources */,
				1F25723325E813FF00B1E26C /* AppDelegate.swift in Sources */,
				1F50B8FE25EA9BC400BBB1FF /* Animation.swift in Sources */,
				1F25723525E813FF00B1E26C /* SceneDelegate.swift in Sources */,
			);
			runOnlyForDeploymentPostprocessing = 0;
		};
/* End PBXSourcesBuildPhase section */

/* Begin PBXVariantGroup section */
		1F25723825E813FF00B1E26C /* Main.storyboard */ = {
			isa = PBXVariantGroup;
			children = (
				1F25723925E813FF00B1E26C /* Base */,
			);
			name = Main.storyboard;
			sourceTree = "<group>";
		};
		1F25723D25E8140200B1E26C /* LaunchScreen.storyboard */ = {
			isa = PBXVariantGroup;
			children = (
				1F25723E25E8140200B1E26C /* Base */,
			);
			name = LaunchScreen.storyboard;
			sourceTree = "<group>";
		};
/* End PBXVariantGroup section */

/* Begin XCBuildConfiguration section */
		1F25724125E8140200B1E26C /* Debug */ = {
			isa = XCBuildConfiguration;
			buildSettings = {
				ALWAYS_SEARCH_USER_PATHS = NO;
				CLANG_ANALYZER_NONNULL = YES;
				CLANG_ANALYZER_NUMBER_OBJECT_CONVERSION = YES_AGGRESSIVE;
				CLANG_CXX_LANGUAGE_STANDARD = "gnu++14";
				CLANG_CXX_LIBRARY = "libc++";
				CLANG_ENABLE_MODULES = YES;
				CLANG_ENABLE_OBJC_ARC = YES;
				CLANG_ENABLE_OBJC_WEAK = YES;
				CLANG_WARN_BLOCK_CAPTURE_AUTORELEASING = YES;
				CLANG_WARN_BOOL_CONVERSION = YES;
				CLANG_WARN_COMMA = YES;
				CLANG_WARN_CONSTANT_CONVERSION = YES;
				CLANG_WARN_DEPRECATED_OBJC_IMPLEMENTATIONS = YES;
				CLANG_WARN_DIRECT_OBJC_ISA_USAGE = YES_ERROR;
				CLANG_WARN_DOCUMENTATION_COMMENTS = YES;
				CLANG_WARN_EMPTY_BODY = YES;
				CLANG_WARN_ENUM_CONVERSION = YES;
				CLANG_WARN_INFINITE_RECURSION = YES;
				CLANG_WARN_INT_CONVERSION = YES;
				CLANG_WARN_NON_LITERAL_NULL_CONVERSION = YES;
				CLANG_WARN_OBJC_IMPLICIT_RETAIN_SELF = YES;
				CLANG_WARN_OBJC_LITERAL_CONVERSION = YES;
				CLANG_WARN_OBJC_ROOT_CLASS = YES_ERROR;
				CLANG_WARN_QUOTED_INCLUDE_IN_FRAMEWORK_HEADER = YES;
				CLANG_WARN_RANGE_LOOP_ANALYSIS = YES;
				CLANG_WARN_STRICT_PROTOTYPES = YES;
				CLANG_WARN_SUSPICIOUS_MOVE = YES;
				CLANG_WARN_UNGUARDED_AVAILABILITY = YES_AGGRESSIVE;
				CLANG_WARN_UNREACHABLE_CODE = YES;
				CLANG_WARN__DUPLICATE_METHOD_MATCH = YES;
				COPY_PHASE_STRIP = NO;
				DEBUG_INFORMATION_FORMAT = dwarf;
				ENABLE_STRICT_OBJC_MSGSEND = YES;
				ENABLE_TESTABILITY = YES;
				GCC_C_LANGUAGE_STANDARD = gnu11;
				GCC_DYNAMIC_NO_PIC = NO;
				GCC_NO_COMMON_BLOCKS = YES;
				GCC_OPTIMIZATION_LEVEL = 0;
				GCC_PREPROCESSOR_DEFINITIONS = (
					"DEBUG=1",
					"$(inherited)",
				);
				GCC_WARN_64_TO_32_BIT_CONVERSION = YES;
				GCC_WARN_ABOUT_RETURN_TYPE = YES_ERROR;
				GCC_WARN_UNDECLARED_SELECTOR = YES;
				GCC_WARN_UNINITIALIZED_AUTOS = YES_AGGRESSIVE;
				GCC_WARN_UNUSED_FUNCTION = YES;
				GCC_WARN_UNUSED_VARIABLE = YES;
				IPHONEOS_DEPLOYMENT_TARGET = 14.4;
				MTL_ENABLE_DEBUG_INFO = INCLUDE_SOURCE;
				MTL_FAST_MATH = YES;
				ONLY_ACTIVE_ARCH = YES;
				SDKROOT = iphoneos;
				SWIFT_ACTIVE_COMPILATION_CONDITIONS = DEBUG;
				SWIFT_OPTIMIZATION_LEVEL = "-Onone";
			};
			name = Debug;
		};
		1F25724225E8140200B1E26C /* Release */ = {
			isa = XCBuildConfiguration;
			buildSettings = {
				ALWAYS_SEARCH_USER_PATHS = NO;
				CLANG_ANALYZER_NONNULL = YES;
				CLANG_ANALYZER_NUMBER_OBJECT_CONVERSION = YES_AGGRESSIVE;
				CLANG_CXX_LANGUAGE_STANDARD = "gnu++14";
				CLANG_CXX_LIBRARY = "libc++";
				CLANG_ENABLE_MODULES = YES;
				CLANG_ENABLE_OBJC_ARC = YES;
				CLANG_ENABLE_OBJC_WEAK = YES;
				CLANG_WARN_BLOCK_CAPTURE_AUTORELEASING = YES;
				CLANG_WARN_BOOL_CONVERSION = YES;
				CLANG_WARN_COMMA = YES;
				CLANG_WARN_CONSTANT_CONVERSION = YES;
				CLANG_WARN_DEPRECATED_OBJC_IMPLEMENTATIONS = YES;
				CLANG_WARN_DIRECT_OBJC_ISA_USAGE = YES_ERROR;
				CLANG_WARN_DOCUMENTATION_COMMENTS = YES;
				CLANG_WARN_EMPTY_BODY = YES;
				CLANG_WARN_ENUM_CONVERSION = YES;
				CLANG_WARN_INFINITE_RECURSION = YES;
				CLANG_WARN_INT_CONVERSION = YES;
				CLANG_WARN_NON_LITERAL_NULL_CONVERSION = YES;
				CLANG_WARN_OBJC_IMPLICIT_RETAIN_SELF = YES;
				CLANG_WARN_OBJC_LITERAL_CONVERSION = YES;
				CLANG_WARN_OBJC_ROOT_CLASS = YES_ERROR;
				CLANG_WARN_QUOTED_INCLUDE_IN_FRAMEWORK_HEADER = YES;
				CLANG_WARN_RANGE_LOOP_ANALYSIS = YES;
				CLANG_WARN_STRICT_PROTOTYPES = YES;
				CLANG_WARN_SUSPICIOUS_MOVE = YES;
				CLANG_WARN_UNGUARDED_AVAILABILITY = YES_AGGRESSIVE;
				CLANG_WARN_UNREACHABLE_CODE = YES;
				CLANG_WARN__DUPLICATE_METHOD_MATCH = YES;
				COPY_PHASE_STRIP = NO;
				DEBUG_INFORMATION_FORMAT = "dwarf-with-dsym";
				ENABLE_NS_ASSERTIONS = NO;
				ENABLE_STRICT_OBJC_MSGSEND = YES;
				GCC_C_LANGUAGE_STANDARD = gnu11;
				GCC_NO_COMMON_BLOCKS = YES;
				GCC_WARN_64_TO_32_BIT_CONVERSION = YES;
				GCC_WARN_ABOUT_RETURN_TYPE = YES_ERROR;
				GCC_WARN_UNDECLARED_SELECTOR = YES;
				GCC_WARN_UNINITIALIZED_AUTOS = YES_AGGRESSIVE;
				GCC_WARN_UNUSED_FUNCTION = YES;
				GCC_WARN_UNUSED_VARIABLE = YES;
				IPHONEOS_DEPLOYMENT_TARGET = 14.4;
				MTL_ENABLE_DEBUG_INFO = NO;
				MTL_FAST_MATH = YES;
				SDKROOT = iphoneos;
				SWIFT_COMPILATION_MODE = wholemodule;
				SWIFT_OPTIMIZATION_LEVEL = "-O";
				VALIDATE_PRODUCT = YES;
			};
			name = Release;
		};
		1F25724425E8140200B1E26C /* Debug */ = {
			isa = XCBuildConfiguration;
			baseConfigurationReference = 919598D741262C2C2AB8D31F /* Pods-ViewWithAnimation.debug.xcconfig */;
			buildSettings = {
				ASSETCATALOG_COMPILER_APPICON_NAME = AppIcon;
				ASSETCATALOG_COMPILER_GLOBAL_ACCENT_COLOR_NAME = AccentColor;
				CODE_SIGN_STYLE = Automatic;
				DEVELOPMENT_TEAM = JKCU96H3SQ;
				INFOPLIST_FILE = ViewWithAnimation/SupportingFiles/Info.plist;
				LD_RUNPATH_SEARCH_PATHS = (
					"$(inherited)",
					"@executable_path/Frameworks",
				);
				PRODUCT_BUNDLE_IDENTIFIER = ru.alexanderNikolaev.ViewWithAnimation;
				PRODUCT_NAME = "$(TARGET_NAME)";
				SWIFT_VERSION = 5.0;
				TARGETED_DEVICE_FAMILY = "1,2";
			};
			name = Debug;
		};
		1F25724525E8140200B1E26C /* Release */ = {
			isa = XCBuildConfiguration;
			baseConfigurationReference = D23AA21C28FD039BCDFE5DC8 /* Pods-ViewWithAnimation.release.xcconfig */;
			buildSettings = {
				ASSETCATALOG_COMPILER_APPICON_NAME = AppIcon;
				ASSETCATALOG_COMPILER_GLOBAL_ACCENT_COLOR_NAME = AccentColor;
				CODE_SIGN_STYLE = Automatic;
				DEVELOPMENT_TEAM = JKCU96H3SQ;
				INFOPLIST_FILE = ViewWithAnimation/SupportingFiles/Info.plist;
				LD_RUNPATH_SEARCH_PATHS = (
					"$(inherited)",
					"@executable_path/Frameworks",
				);
				PRODUCT_BUNDLE_IDENTIFIER = ru.alexanderNikolaev.ViewWithAnimation;
				PRODUCT_NAME = "$(TARGET_NAME)";
				SWIFT_VERSION = 5.0;
				TARGETED_DEVICE_FAMILY = "1,2";
			};
			name = Release;
		};
/* End XCBuildConfiguration section */

/* Begin XCConfigurationList section */
		1F25722A25E813FF00B1E26C /* Build configuration list for PBXProject "ViewWithAnimation" */ = {
			isa = XCConfigurationList;
			buildConfigurations = (
				1F25724125E8140200B1E26C /* Debug */,
				1F25724225E8140200B1E26C /* Release */,
			);
			defaultConfigurationIsVisible = 0;
			defaultConfigurationName = Release;
		};
		1F25724325E8140200B1E26C /* Build configuration list for PBXNativeTarget "ViewWithAnimation" */ = {
			isa = XCConfigurationList;
			buildConfigurations = (
				1F25724425E8140200B1E26C /* Debug */,
				1F25724525E8140200B1E26C /* Release */,
			);
			defaultConfigurationIsVisible = 0;
			defaultConfigurationName = Release;
		};
/* End XCConfigurationList section */
	};
	rootObject = 1F25722725E813FF00B1E26C /* Project object */;
}
